
Microsoft Visual Studio Solution File, Format Version 12.00
# Visual Studio Version 17
VisualStudioVersion = 17.5.002.0
MinimumVisualStudioVersion = 10.0.40219.1
Project("{9A19103F-16F7-4668-BE54-9A1E7A4F7556}") = "NLP", "NLP.csproj", "{C32FA70A-064B-4976-9590-FD31ABF1DD4F}"
EndProject
Global
	GlobalSection(SolutionConfigurationPlatforms) = preSolution
		Debug|Any CPU = Debug|Any CPU
		Release|Any CPU = Release|Any CPU
	EndGlobalSection
	GlobalSection(ProjectConfigurationPlatforms) = postSolution
		{C32FA70A-064B-4976-9590-FD31ABF1DD4F}.Debug|Any CPU.ActiveCfg = Debug|Any CPU
		{C32FA70A-064B-4976-9590-FD31ABF1DD4F}.Debug|Any CPU.Build.0 = Debug|Any CPU
		{C32FA70A-064B-4976-9590-FD31ABF1DD4F}.Release|Any CPU.ActiveCfg = Release|Any CPU
		{C32FA70A-064B-4976-9590-FD31ABF1DD4F}.Release|Any CPU.Build.0 = Release|Any CPU
	EndGlobalSection
	GlobalSection(SolutionProperties) = preSolution
		HideSolutionNode = FALSE
	EndGlobalSection
	GlobalSection(ExtensibilityGlobals) = postSolution
		SolutionGuid = {E6D4FFB6-0FD1-4C0F-92D7-1F54D7B987E3}
	EndGlobalSection
EndGlobal
